
Microsoft Visual Studio Solution File, Format Version 12.00
# Visual Studio 15
VisualStudioVersion = 15.0.26430.12
MinimumVisualStudioVersion = 10.0.40219.1
Project("{2150E333-8FDC-42A3-9474-1A3956D46DE8}") = "Tag1", "Tag1", "{37D9AB99-9706-434F-912D-69F9D1EA6D7B}"
EndProject
Project("{2150E333-8FDC-42A3-9474-1A3956D46DE8}") = "Tag2", "Tag2", "{362D8CE9-F1B1-428A-A185-2399DEDACC94}"
EndProject
Project("{2150E333-8FDC-42A3-9474-1A3956D46DE8}") = "Tag3", "Tag3", "{A380893E-F9DA-4687-A7CC-4730DB0DF457}"
EndProject
Project("{2150E333-8FDC-42A3-9474-1A3956D46DE8}") = "Tag4", "Tag4", "{1D6114FB-ADB1-4819-B960-7F4D379A6ACE}"
EndProject
Project("{FAE04EC0-301F-11D3-BF4B-00C04F79EFBC}") = "Kontrollstrukturen", "Tag1\Kontrollstrukturen\Kontrollstrukturen.csproj", "{9DE9CCCA-90A2-49B7-91DD-EB53DE25A1BB}"
EndProject
Project("{FAE04EC0-301F-11D3-BF4B-00C04F79EFBC}") = "Schleifen", "Tag1\Schleifen\Schleifen.csproj", "{10CDBE9D-75DE-4DB2-B73E-ED09E1A9A1F3}"
EndProject
Project("{FAE04EC0-301F-11D3-BF4B-00C04F79EFBC}") = "ZahlenRaten", "Tag1\ZahlenRaten\ZahlenRaten.csproj", "{15308741-B94D-4ED7-9E78-A2554121EFD5}"
EndProject
Project("{FAE04EC0-301F-11D3-BF4B-00C04F79EFBC}") = "Fehlerbehandlung", "Tag2\Fehlerbehandlung\Fehlerbehandlung.csproj", "{2DC8A419-0C8D-4472-A4E4-823305693795}"
EndProject
Project("{FAE04EC0-301F-11D3-BF4B-00C04F79EFBC}") = "OOP", "OOP\OOP.csproj", "{06B6E943-7558-4BDE-AC47-E7951AD3020A}"
EndProject
Project("{FAE04EC0-301F-11D3-BF4B-00C04F79EFBC}") = "Vererbung", "Tag2\Vererbung\Vererbung.csproj", "{CC1457F6-279E-4448-8097-26042A019533}"
EndProject
Project("{FAE04EC0-301F-11D3-BF4B-00C04F79EFBC}") = "Polymorphie", "Tag2\Polymorphie\Polymorphie.csproj", "{21EAEF4A-D106-4326-A7EE-1A1F17B2D111}"
EndProject
Project("{FAE04EC0-301F-11D3-BF4B-00C04F79EFBC}") = "SpezielleKlassen", "Tag3\SpezielleKlassen\SpezielleKlassen.csproj", "{F9F33F70-41DF-4884-AE03-4337130A8B79}"
EndProject
Project("{FAE04EC0-301F-11D3-BF4B-00C04F79EFBC}") = "Interfaces", "Interfaces\Interfaces.csproj", "{7F208C6F-04C6-4510-A600-C9DEAAE28A94}"
EndProject
Project("{FAE04EC0-301F-11D3-BF4B-00C04F79EFBC}") = "DelegatenUndEvents", "Tag3\DelegatenUndEvents\DelegatenUndEvents.csproj", "{C4671F00-1FC4-42D0-934F-564415C8AFB7}"
EndProject
Project("{FAE04EC0-301F-11D3-BF4B-00C04F79EFBC}") = "HalloForms", "Tag3\HalloForms\HalloForms.csproj", "{09974190-941F-4B1D-8DF3-5584D68E3B0D}"
EndProject
Project("{FAE04EC0-301F-11D3-BF4B-00C04F79EFBC}") = "TaschenrechnerDLL", "Tag3\TaschenrechnerDLL\TaschenrechnerDLL.csproj", "{DEE3974B-5C2A-460C-8803-FE36DBB34853}"
EndProject
Project("{FAE04EC0-301F-11D3-BF4B-00C04F79EFBC}") = "TaschenrechnerGUI", "Tag3\TaschenrechnerGUI\TaschenrechnerGUI.csproj", "{0D4961D4-0008-46B9-8BB0-830A389B1002}"
EndProject
Project("{FAE04EC0-301F-11D3-BF4B-00C04F79EFBC}") = "KomplexeDatentypen", "Tag3\KomplexeDatentypen\KomplexeDatentypen.csproj", "{1F4F93E3-6179-40B4-BBEC-42436C56DFE9}"
EndProject
Project("{FAE04EC0-301F-11D3-BF4B-00C04F79EFBC}") = "Dateizugriff", "Tag4\Dateizugriff\Dateizugriff.csproj", "{D5C2B88F-BEC4-4113-9CAA-9393D2B51016}"
EndProject
Project("{FAE04EC0-301F-11D3-BF4B-00C04F79EFBC}") = "BankRottDLL", "Tag4\BankRottDLL\BankRottDLL.csproj", "{3A9B2C0B-AF77-40FC-9CF4-6AF6E7086B86}"
EndProject
Project("{FAE04EC0-301F-11D3-BF4B-00C04F79EFBC}") = "BankRottWPF", "Tag4\BankRottWPF\BankRottWPF.csproj", "{654F0980-68B2-4A34-9B3E-F7D5BE8A0D3E}"
EndProject
Global
	GlobalSection(SolutionConfigurationPlatforms) = preSolution
		Debug|Any CPU = Debug|Any CPU
		Release|Any CPU = Release|Any CPU
	EndGlobalSection
	GlobalSection(ProjectConfigurationPlatforms) = postSolution
		{9DE9CCCA-90A2-49B7-91DD-EB53DE25A1BB}.Debug|Any CPU.ActiveCfg = Debug|Any CPU
		{9DE9CCCA-90A2-49B7-91DD-EB53DE25A1BB}.Debug|Any CPU.Build.0 = Debug|Any CPU
		{9DE9CCCA-90A2-49B7-91DD-EB53DE25A1BB}.Release|Any CPU.ActiveCfg = Release|Any CPU
		{9DE9CCCA-90A2-49B7-91DD-EB53DE25A1BB}.Release|Any CPU.Build.0 = Release|Any CPU
		{10CDBE9D-75DE-4DB2-B73E-ED09E1A9A1F3}.Debug|Any CPU.ActiveCfg = Debug|Any CPU
		{10CDBE9D-75DE-4DB2-B73E-ED09E1A9A1F3}.Debug|Any CPU.Build.0 = Debug|Any CPU
		{10CDBE9D-75DE-4DB2-B73E-ED09E1A9A1F3}.Release|Any CPU.ActiveCfg = Release|Any CPU
		{10CDBE9D-75DE-4DB2-B73E-ED09E1A9A1F3}.Release|Any CPU.Build.0 = Release|Any CPU
		{15308741-B94D-4ED7-9E78-A2554121EFD5}.Debug|Any CPU.ActiveCfg = Debug|Any CPU
		{15308741-B94D-4ED7-9E78-A2554121EFD5}.Debug|Any CPU.Build.0 = Debug|Any CPU
		{15308741-B94D-4ED7-9E78-A2554121EFD5}.Release|Any CPU.ActiveCfg = Release|Any CPU
		{15308741-B94D-4ED7-9E78-A2554121EFD5}.Release|Any CPU.Build.0 = Release|Any CPU
		{2DC8A419-0C8D-4472-A4E4-823305693795}.Debug|Any CPU.ActiveCfg = Debug|Any CPU
		{2DC8A419-0C8D-4472-A4E4-823305693795}.Debug|Any CPU.Build.0 = Debug|Any CPU
		{2DC8A419-0C8D-4472-A4E4-823305693795}.Release|Any CPU.ActiveCfg = Release|Any CPU
		{2DC8A419-0C8D-4472-A4E4-823305693795}.Release|Any CPU.Build.0 = Release|Any CPU
		{06B6E943-7558-4BDE-AC47-E7951AD3020A}.Debug|Any CPU.ActiveCfg = Debug|Any CPU
		{06B6E943-7558-4BDE-AC47-E7951AD3020A}.Debug|Any CPU.Build.0 = Debug|Any CPU
		{06B6E943-7558-4BDE-AC47-E7951AD3020A}.Release|Any CPU.ActiveCfg = Release|Any CPU
		{06B6E943-7558-4BDE-AC47-E7951AD3020A}.Release|Any CPU.Build.0 = Release|Any CPU
		{CC1457F6-279E-4448-8097-26042A019533}.Debug|Any CPU.ActiveCfg = Debug|Any CPU
		{CC1457F6-279E-4448-8097-26042A019533}.Debug|Any CPU.Build.0 = Debug|Any CPU
		{CC1457F6-279E-4448-8097-26042A019533}.Release|Any CPU.ActiveCfg = Release|Any CPU
		{CC1457F6-279E-4448-8097-26042A019533}.Release|Any CPU.Build.0 = Release|Any CPU
		{21EAEF4A-D106-4326-A7EE-1A1F17B2D111}.Debug|Any CPU.ActiveCfg = Debug|Any CPU
		{21EAEF4A-D106-4326-A7EE-1A1F17B2D111}.Debug|Any CPU.Build.0 = Debug|Any CPU
		{21EAEF4A-D106-4326-A7EE-1A1F17B2D111}.Release|Any CPU.ActiveCfg = Release|Any CPU
		{21EAEF4A-D106-4326-A7EE-1A1F17B2D111}.Release|Any CPU.Build.0 = Release|Any CPU
		{F9F33F70-41DF-4884-AE03-4337130A8B79}.Debug|Any CPU.ActiveCfg = Debug|Any CPU
		{F9F33F70-41DF-4884-AE03-4337130A8B79}.Debug|Any CPU.Build.0 = Debug|Any CPU
		{F9F33F70-41DF-4884-AE03-4337130A8B79}.Release|Any CPU.ActiveCfg = Release|Any CPU
		{F9F33F70-41DF-4884-AE03-4337130A8B79}.Release|Any CPU.Build.0 = Release|Any CPU
		{7F208C6F-04C6-4510-A600-C9DEAAE28A94}.Debug|Any CPU.ActiveCfg = Debug|Any CPU
		{7F208C6F-04C6-4510-A600-C9DEAAE28A94}.Debug|Any CPU.Build.0 = Debug|Any CPU
		{7F208C6F-04C6-4510-A600-C9DEAAE28A94}.Release|Any CPU.ActiveCfg = Release|Any CPU
		{7F208C6F-04C6-4510-A600-C9DEAAE28A94}.Release|Any CPU.Build.0 = Release|Any CPU
		{C4671F00-1FC4-42D0-934F-564415C8AFB7}.Debug|Any CPU.ActiveCfg = Debug|Any CPU
		{C4671F00-1FC4-42D0-934F-564415C8AFB7}.Debug|Any CPU.Build.0 = Debug|Any CPU
		{C4671F00-1FC4-42D0-934F-564415C8AFB7}.Release|Any CPU.ActiveCfg = Release|Any CPU
		{C4671F00-1FC4-42D0-934F-564415C8AFB7}.Release|Any CPU.Build.0 = Release|Any CPU
		{09974190-941F-4B1D-8DF3-5584D68E3B0D}.Debug|Any CPU.ActiveCfg = Debug|Any CPU
		{09974190-941F-4B1D-8DF3-5584D68E3B0D}.Debug|Any CPU.Build.0 = Debug|Any CPU
		{09974190-941F-4B1D-8DF3-5584D68E3B0D}.Release|Any CPU.ActiveCfg = Release|Any CPU
		{09974190-941F-4B1D-8DF3-5584D68E3B0D}.Release|Any CPU.Build.0 = Release|Any CPU
		{DEE3974B-5C2A-460C-8803-FE36DBB34853}.Debug|Any CPU.ActiveCfg = Debug|Any CPU
		{DEE3974B-5C2A-460C-8803-FE36DBB34853}.Debug|Any CPU.Build.0 = Debug|Any CPU
		{DEE3974B-5C2A-460C-8803-FE36DBB34853}.Release|Any CPU.ActiveCfg = Release|Any CPU
		{DEE3974B-5C2A-460C-8803-FE36DBB34853}.Release|Any CPU.Build.0 = Release|Any CPU
		{0D4961D4-0008-46B9-8BB0-830A389B1002}.Debug|Any CPU.ActiveCfg = Debug|Any CPU
		{0D4961D4-0008-46B9-8BB0-830A389B1002}.Debug|Any CPU.Build.0 = Debug|Any CPU
		{0D4961D4-0008-46B9-8BB0-830A389B1002}.Release|Any CPU.ActiveCfg = Release|Any CPU
		{0D4961D4-0008-46B9-8BB0-830A389B1002}.Release|Any CPU.Build.0 = Release|Any CPU
		{1F4F93E3-6179-40B4-BBEC-42436C56DFE9}.Debug|Any CPU.ActiveCfg = Debug|Any CPU
		{1F4F93E3-6179-40B4-BBEC-42436C56DFE9}.Debug|Any CPU.Build.0 = Debug|Any CPU
		{1F4F93E3-6179-40B4-BBEC-42436C56DFE9}.Release|Any CPU.ActiveCfg = Release|Any CPU
		{1F4F93E3-6179-40B4-BBEC-42436C56DFE9}.Release|Any CPU.Build.0 = Release|Any CPU
		{D5C2B88F-BEC4-4113-9CAA-9393D2B51016}.Debug|Any CPU.ActiveCfg = Debug|Any CPU
		{D5C2B88F-BEC4-4113-9CAA-9393D2B51016}.Debug|Any CPU.Build.0 = Debug|Any CPU
		{D5C2B88F-BEC4-4113-9CAA-9393D2B51016}.Release|Any CPU.ActiveCfg = Release|Any CPU
		{D5C2B88F-BEC4-4113-9CAA-9393D2B51016}.Release|Any CPU.Build.0 = Release|Any CPU
		{3A9B2C0B-AF77-40FC-9CF4-6AF6E7086B86}.Debug|Any CPU.ActiveCfg = Debug|Any CPU
		{3A9B2C0B-AF77-40FC-9CF4-6AF6E7086B86}.Debug|Any CPU.Build.0 = Debug|Any CPU
		{3A9B2C0B-AF77-40FC-9CF4-6AF6E7086B86}.Release|Any CPU.ActiveCfg = Release|Any CPU
		{3A9B2C0B-AF77-40FC-9CF4-6AF6E7086B86}.Release|Any CPU.Build.0 = Release|Any CPU
		{654F0980-68B2-4A34-9B3E-F7D5BE8A0D3E}.Debug|Any CPU.ActiveCfg = Debug|Any CPU
		{654F0980-68B2-4A34-9B3E-F7D5BE8A0D3E}.Debug|Any CPU.Build.0 = Debug|Any CPU
		{654F0980-68B2-4A34-9B3E-F7D5BE8A0D3E}.Release|Any CPU.ActiveCfg = Release|Any CPU
		{654F0980-68B2-4A34-9B3E-F7D5BE8A0D3E}.Release|Any CPU.Build.0 = Release|Any CPU
	EndGlobalSection
	GlobalSection(SolutionProperties) = preSolution
		HideSolutionNode = FALSE
	EndGlobalSection
	GlobalSection(NestedProjects) = preSolution
		{9DE9CCCA-90A2-49B7-91DD-EB53DE25A1BB} = {37D9AB99-9706-434F-912D-69F9D1EA6D7B}
		{10CDBE9D-75DE-4DB2-B73E-ED09E1A9A1F3} = {37D9AB99-9706-434F-912D-69F9D1EA6D7B}
		{15308741-B94D-4ED7-9E78-A2554121EFD5} = {37D9AB99-9706-434F-912D-69F9D1EA6D7B}
		{2DC8A419-0C8D-4472-A4E4-823305693795} = {362D8CE9-F1B1-428A-A185-2399DEDACC94}
		{06B6E943-7558-4BDE-AC47-E7951AD3020A} = {362D8CE9-F1B1-428A-A185-2399DEDACC94}
		{CC1457F6-279E-4448-8097-26042A019533} = {362D8CE9-F1B1-428A-A185-2399DEDACC94}
		{21EAEF4A-D106-4326-A7EE-1A1F17B2D111} = {362D8CE9-F1B1-428A-A185-2399DEDACC94}
		{F9F33F70-41DF-4884-AE03-4337130A8B79} = {A380893E-F9DA-4687-A7CC-4730DB0DF457}
		{7F208C6F-04C6-4510-A600-C9DEAAE28A94} = {A380893E-F9DA-4687-A7CC-4730DB0DF457}
		{C4671F00-1FC4-42D0-934F-564415C8AFB7} = {A380893E-F9DA-4687-A7CC-4730DB0DF457}
		{09974190-941F-4B1D-8DF3-5584D68E3B0D} = {A380893E-F9DA-4687-A7CC-4730DB0DF457}
		{DEE3974B-5C2A-460C-8803-FE36DBB34853} = {A380893E-F9DA-4687-A7CC-4730DB0DF457}
		{0D4961D4-0008-46B9-8BB0-830A389B1002} = {A380893E-F9DA-4687-A7CC-4730DB0DF457}
		{1F4F93E3-6179-40B4-BBEC-42436C56DFE9} = {A380893E-F9DA-4687-A7CC-4730DB0DF457}
		{D5C2B88F-BEC4-4113-9CAA-9393D2B51016} = {1D6114FB-ADB1-4819-B960-7F4D379A6ACE}
		{3A9B2C0B-AF77-40FC-9CF4-6AF6E7086B86} = {1D6114FB-ADB1-4819-B960-7F4D379A6ACE}
		{654F0980-68B2-4A34-9B3E-F7D5BE8A0D3E} = {1D6114FB-ADB1-4819-B960-7F4D379A6ACE}
	EndGlobalSection
EndGlobal
